{
  "name": "mantine",
  "version": "1.0.0",
  "lockfileVersion": 3,
  "requires": true,
  "packages": {
    "": {
      "name": "mantine",
      "version": "1.0.0",
      "dependencies": {
        "@mantine/core": "7.16.1",
        "@mantine/form": "7.16.1",
        "@mantine/hooks": "7.16.1",
        "@mantine/notifications": "7.16.1",
        "@tabler/icons-react": "3.2.0",
        "react": "^18.2.0",
        "react-dom": "^18.2.0",
        "react-icons": "^5.0.1",
        "react-router-dom": "^7.1.1"
      },
      "devDependencies": {
        "@biomejs/biome": "1.9.1",
        "@types/node": "^22.10.7",
        "@types/react": "^18.2.43",
        "@types/react-dom": "^18.2.17",
        "@vitejs/plugin-react-swc": "^3.5.0",
        "postcss": "^8.4.33",
        "postcss-preset-mantine": "^1.17.0",
        "postcss-simple-vars": "^7.0.1",
        "typescript": "^5.2.2",
        "vite": "^5.0.8"
      }
    },
    "../node_modules/.pnpm/@biomejs+biome@1.9.1/node_modules/@biomejs/biome": {
      "version": "1.9.1",
      "dev": true,
      "hasInstallScript": true,
      "license": "MIT OR Apache-2.0",
      "bin": {
        "biome": "bin/biome"
      },
      "engines": {
        "node": ">=14.21.3"
      },
      "funding": {
        "type": "opencollective",
        "url": "https://opencollective.com/biome"
      },
      "optionalDependencies": {
        "@biomejs/cli-darwin-arm64": "1.9.1",
        "@biomejs/cli-darwin-x64": "1.9.1",
        "@biomejs/cli-linux-arm64": "1.9.1",
        "@biomejs/cli-linux-arm64-musl": "1.9.1",
        "@biomejs/cli-linux-x64": "1.9.1",
        "@biomejs/cli-linux-x64-musl": "1.9.1",
        "@biomejs/cli-win32-arm64": "1.9.1",
        "@biomejs/cli-win32-x64": "1.9.1"
      }
    },
    "../node_modules/.pnpm/@emotion+react@11.14.0_@types+react@18.3.17_react@18.3.1/node_modules/@emotion/react": {
      "version": "11.14.0",
      "extraneous": true,
      "license": "MIT",
      "dependencies": {
        "@babel/runtime": "^7.18.3",
        "@emotion/babel-plugin": "^11.13.5",
        "@emotion/cache": "^11.14.0",
        "@emotion/serialize": "^1.3.3",
        "@emotion/use-insertion-effect-with-fallbacks": "^1.2.0",
        "@emotion/utils": "^1.4.2",
        "@emotion/weak-memoize": "^0.4.0",
        "hoist-non-react-statics": "^3.3.1"
      },
      "devDependencies": {
        "@definitelytyped/dtslint": "0.0.112",
        "@emotion/css": "11.13.5",
        "@emotion/css-prettifier": "1.2.0",
        "@emotion/server": "11.11.0",
        "@emotion/styled": "11.14.0",
        "@types/hoist-non-react-statics": "^3.3.5",
        "html-tag-names": "^1.1.2",
        "react": "16.14.0",
        "svg-tag-names": "^1.1.1",
        "typescript": "^5.4.5"
      },
      "peerDependencies": {
        "react": ">=16.8.0"
      },
      "peerDependenciesMeta": {
        "@types/react": {
          "optional": true
        }
      }
    },
    "../node_modules/.pnpm/@emotion+styled@11.14.0_@emotion+react@11.14.0_@types+react@18.3.17_react@18.3.1__@types+react@18.3.17_react@18.3.1/node_modules/@emotion/styled": {
      "version": "11.14.0",
      "extraneous": true,
      "license": "MIT",
      "dependencies": {
        "@babel/runtime": "^7.18.3",
        "@emotion/babel-plugin": "^11.13.5",
        "@emotion/is-prop-valid": "^1.3.0",
        "@emotion/serialize": "^1.3.3",
        "@emotion/use-insertion-effect-with-fallbacks": "^1.2.0",
        "@emotion/utils": "^1.4.2"
      },
      "devDependencies": {
        "@definitelytyped/dtslint": "0.0.112",
        "@emotion/react": "11.14.0",
        "react": "16.14.0",
        "typescript": "^5.4.5"
      },
      "peerDependencies": {
        "@emotion/react": "^11.0.0-rc.0",
        "react": ">=16.8.0"
      },
      "peerDependenciesMeta": {
        "@types/react": {
          "optional": true
        }
      }
    },
    "../node_modules/.pnpm/@mantine+core@7.16.1_@mantine+hooks@7.16.1_react@18.3.1__@types+react@18.3.17_react-dom@18.3._fe4kcye65kcmsmun773hdxn5jy/node_modules/@mantine/core": {
      "version": "7.16.1",
      "license": "MIT",
      "dependencies": {
        "@floating-ui/react": "^0.26.28",
        "clsx": "^2.1.1",
        "react-number-format": "^5.4.3",
        "react-remove-scroll": "^2.6.2",
        "react-textarea-autosize": "8.5.6",
        "type-fest": "^4.27.0"
      },
      "devDependencies": {
        "@mantine-tests/core": "workspace:*",
        "@mantine/hooks": "workspace:*",
        "react": "^18.3.1",
        "react-dom": "^18.3.1"
      },
      "peerDependencies": {
        "@mantine/hooks": "7.16.1",
        "react": "^18.x || ^19.x",
        "react-dom": "^18.x || ^19.x"
      }
    },
    "../node_modules/.pnpm/@mantine+form@7.16.1_react@18.3.1/node_modules/@mantine/form": {
      "version": "7.16.1",
      "license": "MIT",
      "dependencies": {
        "fast-deep-equal": "^3.1.3",
        "klona": "^2.0.6"
      },
      "peerDependencies": {
        "react": "^18.x || ^19.x"
      }
    },
    "../node_modules/.pnpm/@mantine+hooks@7.16.1_react@18.3.1/node_modules/@mantine/hooks": {
      "version": "7.16.1",
      "license": "MIT",
      "peerDependencies": {
        "react": "^18.x || ^19.x"
      }
    },
    "../node_modules/.pnpm/@mantine+notifications@7.16.1_@mantine+core@7.16.1_@mantine+hooks@7.16.1_react@18.3.1__@types_xvipqefvxo3w3gx5gr3pxih4za/node_modules/@mantine/notifications": {
      "version": "7.16.1",
      "license": "MIT",
      "dependencies": {
        "@mantine/store": "7.16.1",
        "react-transition-group": "4.4.5"
      },
      "devDependencies": {
        "@mantine-tests/core": "workspace:*",
        "@mantine/core": "workspace:*",
        "@mantine/hooks": "workspace:*",
        "react": "^18.3.1",
        "react-dom": "^18.3.1"
      },
      "peerDependencies": {
        "@mantine/core": "7.16.1",
        "@mantine/hooks": "7.16.1",
        "react": "^18.x || ^19.x",
        "react-dom": "^18.x || ^19.x"
      }
    },
    "../node_modules/.pnpm/@mui+material@6.3.1_@emotion+react@11.14.0_@types+react@18.3.17_react@18.3.1__@emotion+styled_oze7gzn5dmks4p3ziuhrr6hcbm/node_modules/@mui/material": {
      "version": "6.3.1",
      "extraneous": true,
      "license": "MIT",
      "dependencies": {
        "@babel/runtime": "^7.26.0",
        "@mui/core-downloads-tracker": "^6.3.1",
        "@mui/system": "^6.3.1",
        "@mui/types": "^7.2.21",
        "@mui/utils": "^6.3.1",
        "@popperjs/core": "^2.11.8",
        "@types/react-transition-group": "^4.4.12",
        "clsx": "^2.1.1",
        "csstype": "^3.1.3",
        "prop-types": "^15.8.1",
        "react-is": "^19.0.0",
        "react-transition-group": "^4.4.5"
      },
      "engines": {
        "node": ">=14.0.0"
      },
      "funding": {
        "type": "opencollective",
        "url": "https://opencollective.com/mui-org"
      },
      "peerDependencies": {
        "@emotion/react": "^11.5.0",
        "@emotion/styled": "^11.3.0",
        "@mui/material-pigment-css": "^6.3.1",
        "@types/react": "^17.0.0 || ^18.0.0 || ^19.0.0",
        "react": "^17.0.0 || ^18.0.0 || ^19.0.0",
        "react-dom": "^17.0.0 || ^18.0.0 || ^19.0.0"
      },
      "peerDependenciesMeta": {
        "@emotion/react": {
          "optional": true
        },
        "@emotion/styled": {
          "optional": true
        },
        "@mui/material-pigment-css": {
          "optional": true
        },
        "@types/react": {
          "optional": true
        }
      }
    },
    "../node_modules/.pnpm/@tabler+icons-react@3.2.0_react@18.3.1/node_modules/@tabler/icons-react": {
      "version": "3.2.0",
      "license": "MIT",
      "dependencies": {
        "@tabler/icons": "3.2.0"
      },
      "devDependencies": {
        "@testing-library/react": "^14.2.1",
        "@types/react": "18.2.60",
        "@vitejs/plugin-react": "^4.2.1",
        "react": "18.2.0",
        "react-dom": "18.2.0",
        "react-test-renderer": "18.2.0"
      },
      "funding": {
        "type": "github",
        "url": "https://github.com/sponsors/codecalm"
      },
      "peerDependencies": {
        "react": ">= 16"
      }
    },
    "../node_modules/.pnpm/@types+react-dom@18.3.5_@types+react@18.3.17/node_modules/@types/react-dom": {
      "version": "18.3.5",
      "dev": true,
      "license": "MIT",
      "peerDependencies": {
        "@types/react": "^18.0.0"
      }
    },
    "../node_modules/.pnpm/@types+react@18.3.17/node_modules/@types/react": {
      "version": "18.3.17",
      "dev": true,
      "license": "MIT",
      "dependencies": {
        "@types/prop-types": "*",
        "csstype": "^3.0.2"
      }
    },
    "../node_modules/.pnpm/@vitejs+plugin-react-swc@3.7.2_vite@5.4.11_sugarss@4.0.1_postcss@8.4.49__/node_modules/@vitejs/plugin-react-swc": {
      "version": "3.7.2",
      "dev": true,
      "license": "MIT",
      "dependencies": {
        "@swc/core": "^1.7.26"
      },
      "peerDependencies": {
        "vite": "^4 || ^5 || ^6"
      }
    },
    "../node_modules/.pnpm/postcss-preset-mantine@1.17.0_postcss@8.4.49/node_modules/postcss-preset-mantine": {
      "version": "1.17.0",
      "dev": true,
      "license": "MIT",
      "dependencies": {
        "postcss-mixins": "^9.0.4",
        "postcss-nested": "^6.0.1"
      },
      "devDependencies": {
        "@types/fs-extra": "^11",
        "@types/jest": "^29.5.2",
        "@types/node": "^20.3.1",
        "@types/postcss-mixins": "^9.0.0",
        "@types/signale": "^1",
        "@typescript-eslint/eslint-plugin": "^5.60.0",
        "@typescript-eslint/parser": "^5.60.0",
        "eslint": "^8.43.0",
        "esno": "^4.0.0",
        "execa": "^8.0.1",
        "fs-extra": "^11.2.0",
        "jest": "^29.5.0",
        "postcss": "^8.4.24",
        "prettier": "^2.8.8",
        "signale": "^1.4.0",
        "simple-git": "^3.21.0",
        "ts-jest": "^29.1.0",
        "tsc": "^2.0.4",
        "typescript": "^5.1.3",
        "version-next": "^1.0.2"
      },
      "peerDependencies": {
        "postcss": ">=8.0.0"
      }
    },
    "../node_modules/.pnpm/postcss-simple-vars@7.0.1_postcss@8.4.49/node_modules/postcss-simple-vars": {
      "version": "7.0.1",
      "dev": true,
      "license": "MIT",
      "engines": {
        "node": ">=14.0"
      },
      "funding": {
        "type": "opencollective",
        "url": "https://opencollective.com/postcss/"
      },
      "peerDependencies": {
        "postcss": "^8.2.1"
      }
    },
    "../node_modules/.pnpm/postcss@8.4.49/node_modules/postcss": {
      "version": "8.4.49",
      "dev": true,
      "funding": [
        {
          "type": "opencollective",
          "url": "https://opencollective.com/postcss/"
        },
        {
          "type": "tidelift",
          "url": "https://tidelift.com/funding/github/npm/postcss"
        },
        {
          "type": "github",
          "url": "https://github.com/sponsors/ai"
        }
      ],
      "license": "MIT",
      "dependencies": {
        "nanoid": "^3.3.7",
        "picocolors": "^1.1.1",
        "source-map-js": "^1.2.1"
      },
      "engines": {
        "node": "^10 || ^12 || >=14"
      }
    },
    "../node_modules/.pnpm/react-dom@18.3.1_react@18.3.1/node_modules/react-dom": {
      "version": "18.3.1",
      "license": "MIT",
      "dependencies": {
        "loose-envify": "^1.1.0",
        "scheduler": "^0.23.2"
      },
      "peerDependencies": {
        "react": "^18.3.1"
      }
    },
    "../node_modules/.pnpm/react-icons@5.4.0_react@18.3.1/node_modules/react-icons": {
      "version": "5.4.0",
      "license": "MIT",
      "peerDependencies": {
        "react": "*"
      }
    },
    "../node_modules/.pnpm/react-router-dom@7.1.1_react-dom@18.3.1_react@18.3.1__react@18.3.1/node_modules/react-router-dom": {
      "version": "7.1.1",
      "license": "MIT",
      "dependencies": {
        "react-router": "7.1.1"
      },
      "devDependencies": {
        "react": "^18.2.0",
        "react-dom": "^18.2.0",
        "tsup": "^8.3.0",
        "typescript": "^5.1.6",
        "wireit": "0.14.9"
      },
      "engines": {
        "node": ">=20.0.0"
      },
      "peerDependencies": {
        "react": ">=18",
        "react-dom": ">=18"
      }
    },
    "../node_modules/.pnpm/react@18.3.1/node_modules/react": {
      "version": "18.3.1",
      "license": "MIT",
      "dependencies": {
        "loose-envify": "^1.1.0"
      },
      "engines": {
        "node": ">=0.10.0"
      }
    },
    "../node_modules/.pnpm/typescript@5.7.2/node_modules/typescript": {
      "version": "5.7.2",
      "dev": true,
      "license": "Apache-2.0",
      "bin": {
        "tsc": "bin/tsc",
        "tsserver": "bin/tsserver"
      },
      "devDependencies": {
        "@dprint/formatter": "^0.4.1",
        "@dprint/typescript": "0.93.0",
        "@esfx/canceltoken": "^1.0.0",
        "@eslint/js": "^9.11.1",
        "@octokit/rest": "^21.0.2",
        "@types/chai": "^4.3.20",
        "@types/diff": "^5.2.2",
        "@types/minimist": "^1.2.5",
        "@types/mocha": "^10.0.8",
        "@types/ms": "^0.7.34",
        "@types/node": "latest",
        "@types/source-map-support": "^0.5.10",
        "@types/which": "^3.0.4",
        "@typescript-eslint/rule-tester": "^8.8.0",
        "@typescript-eslint/type-utils": "^8.8.0",
        "@typescript-eslint/utils": "^8.8.0",
        "azure-devops-node-api": "^14.1.0",
        "c8": "^10.1.2",
        "chai": "^4.5.0",
        "chalk": "^4.1.2",
        "chokidar": "^3.6.0",
        "diff": "^5.2.0",
        "dprint": "^0.47.2",
        "esbuild": "^0.24.0",
        "eslint": "^9.11.1",
        "eslint-formatter-autolinkable-stylish": "^1.4.0",
        "eslint-plugin-regexp": "^2.6.0",
        "fast-xml-parser": "^4.5.0",
        "glob": "^10.4.5",
        "globals": "^15.9.0",
        "hereby": "^1.10.0",
        "jsonc-parser": "^3.3.1",
        "knip": "^5.30.6",
        "minimist": "^1.2.8",
        "mocha": "^10.7.3",
        "mocha-fivemat-progress-reporter": "^0.1.0",
        "monocart-coverage-reports": "^2.11.0",
        "ms": "^2.1.3",
        "playwright": "^1.47.2",
        "source-map-support": "^0.5.21",
        "tslib": "^2.7.0",
        "typescript": "^5.6.2",
        "typescript-eslint": "^8.8.0",
        "which": "^3.0.1"
      },
      "engines": {
        "node": ">=14.17"
      }
    },
    "../node_modules/.pnpm/vite@5.4.11_sugarss@4.0.1_postcss@8.4.49_/node_modules/vite": {
      "version": "5.4.11",
      "dev": true,
      "license": "MIT",
      "dependencies": {
        "esbuild": "^0.21.3",
        "postcss": "^8.4.43",
        "rollup": "^4.20.0"
      },
      "bin": {
        "vite": "bin/vite.js"
      },
      "devDependencies": {
        "@ampproject/remapping": "^2.3.0",
        "@babel/parser": "^7.25.6",
        "@jridgewell/trace-mapping": "^0.3.25",
        "@polka/compression": "^1.0.0-next.25",
        "@rollup/plugin-alias": "^5.1.0",
        "@rollup/plugin-commonjs": "^26.0.1",
        "@rollup/plugin-dynamic-import-vars": "^2.1.2",
        "@rollup/plugin-json": "^6.1.0",
        "@rollup/plugin-node-resolve": "15.2.3",
        "@rollup/pluginutils": "^5.1.0",
        "@types/escape-html": "^1.0.4",
        "@types/pnpapi": "^0.0.5",
        "artichokie": "^0.2.1",
        "cac": "^6.7.14",
        "chokidar": "^3.6.0",
        "connect": "^3.7.0",
        "convert-source-map": "^2.0.0",
        "cors": "^2.8.5",
        "cross-spawn": "^7.0.3",
        "debug": "^4.3.6",
        "dep-types": "link:./src/types",
        "dotenv": "^16.4.5",
        "dotenv-expand": "^11.0.6",
        "es-module-lexer": "^1.5.4",
        "escape-html": "^1.0.3",
        "estree-walker": "^3.0.3",
        "etag": "^1.8.1",
        "fast-glob": "^3.3.2",
        "http-proxy": "^1.18.1",
        "launch-editor-middleware": "^2.9.1",
        "lightningcss": "^1.26.0",
        "magic-string": "^0.30.11",
        "micromatch": "^4.0.8",
        "mlly": "^1.7.1",
        "mrmime": "^2.0.0",
        "open": "^8.4.2",
        "parse5": "^7.1.2",
        "pathe": "^1.1.2",
        "periscopic": "^4.0.2",
        "picocolors": "^1.0.1",
        "picomatch": "^2.3.1",
        "postcss-import": "^16.1.0",
        "postcss-load-config": "^4.0.2",
        "postcss-modules": "^6.0.0",
        "resolve.exports": "^2.0.2",
        "rollup-plugin-dts": "^6.1.1",
        "rollup-plugin-esbuild": "^6.1.1",
        "rollup-plugin-license": "^3.5.2",
        "sass": "^1.77.8",
        "sass-embedded": "^1.77.8",
        "sirv": "^2.0.4",
        "source-map-support": "^0.5.21",
        "strip-ansi": "^7.1.0",
        "strip-literal": "^2.1.0",
        "tsconfck": "^3.1.4",
        "tslib": "^2.7.0",
        "types": "link:./types",
        "ufo": "^1.5.4",
        "ws": "^8.18.0"
      },
      "engines": {
        "node": "^18.0.0 || >=20.0.0"
      },
      "funding": {
        "url": "https://github.com/vitejs/vite?sponsor=1"
      },
      "optionalDependencies": {
        "fsevents": "~2.3.3"
      },
      "peerDependencies": {
        "@types/node": "^18.0.0 || >=20.0.0",
        "less": "*",
        "lightningcss": "^1.21.0",
        "sass": "*",
        "sass-embedded": "*",
        "stylus": "*",
        "sugarss": "*",
        "terser": "^5.4.0"
      },
      "peerDependenciesMeta": {
        "@types/node": {
          "optional": true
        },
        "less": {
          "optional": true
        },
        "lightningcss": {
          "optional": true
        },
        "sass": {
          "optional": true
        },
        "sass-embedded": {
          "optional": true
        },
        "stylus": {
          "optional": true
        },
        "sugarss": {
          "optional": true
        },
        "terser": {
          "optional": true
        }
      }
    },
    "node_modules/@biomejs/biome": {
      "resolved": "../node_modules/.pnpm/@biomejs+biome@1.9.1/node_modules/@biomejs/biome",
      "link": true
    },
    "node_modules/@mantine/core": {
      "resolved": "../node_modules/.pnpm/@mantine+core@7.16.1_@mantine+hooks@7.16.1_react@18.3.1__@types+react@18.3.17_react-dom@18.3._fe4kcye65kcmsmun773hdxn5jy/node_modules/@mantine/core",
      "link": true
    },
    "node_modules/@mantine/form": {
      "resolved": "../node_modules/.pnpm/@mantine+form@7.16.1_react@18.3.1/node_modules/@mantine/form",
      "link": true
    },
    "node_modules/@mantine/hooks": {
      "resolved": "../node_modules/.pnpm/@mantine+hooks@7.16.1_react@18.3.1/node_modules/@mantine/hooks",
      "link": true
    },
    "node_modules/@mantine/notifications": {
      "resolved": "../node_modules/.pnpm/@mantine+notifications@7.16.1_@mantine+core@7.16.1_@mantine+hooks@7.16.1_react@18.3.1__@types_xvipqefvxo3w3gx5gr3pxih4za/node_modules/@mantine/notifications",
      "link": true
    },
    "node_modules/@tabler/icons-react": {
      "resolved": "../node_modules/.pnpm/@tabler+icons-react@3.2.0_react@18.3.1/node_modules/@tabler/icons-react",
      "link": true
    },
    "node_modules/@types/node": {
      "version": "22.10.7",
      "resolved": "https://registry.npmjs.org/@types/node/-/node-22.10.7.tgz",
      "integrity": "sha512-V09KvXxFiutGp6B7XkpaDXlNadZxrzajcY50EuoLIpQ6WWYCSvf19lVIazzfIzQvhUN2HjX12spLojTnhuKlGg==",
      "dev": true,
      "license": "MIT",
      "dependencies": {
        "undici-types": "~6.20.0"
      }
    },
    "node_modules/@types/react": {
      "resolved": "../node_modules/.pnpm/@types+react@18.3.17/node_modules/@types/react",
      "link": true
    },
    "node_modules/@types/react-dom": {
      "resolved": "../node_modules/.pnpm/@types+react-dom@18.3.5_@types+react@18.3.17/node_modules/@types/react-dom",
      "link": true
    },
    "node_modules/@vitejs/plugin-react-swc": {
      "resolved": "../node_modules/.pnpm/@vitejs+plugin-react-swc@3.7.2_vite@5.4.11_sugarss@4.0.1_postcss@8.4.49__/node_modules/@vitejs/plugin-react-swc",
      "link": true
    },
    "node_modules/postcss": {
      "resolved": "../node_modules/.pnpm/postcss@8.4.49/node_modules/postcss",
      "link": true
    },
    "node_modules/postcss-preset-mantine": {
      "resolved": "../node_modules/.pnpm/postcss-preset-mantine@1.17.0_postcss@8.4.49/node_modules/postcss-preset-mantine",
      "link": true
    },
    "node_modules/postcss-simple-vars": {
      "resolved": "../node_modules/.pnpm/postcss-simple-vars@7.0.1_postcss@8.4.49/node_modules/postcss-simple-vars",
      "link": true
    },
    "node_modules/react": {
      "resolved": "../node_modules/.pnpm/react@18.3.1/node_modules/react",
      "link": true
    },
    "node_modules/react-dom": {
      "resolved": "../node_modules/.pnpm/react-dom@18.3.1_react@18.3.1/node_modules/react-dom",
      "link": true
    },
    "node_modules/react-icons": {
      "resolved": "../node_modules/.pnpm/react-icons@5.4.0_react@18.3.1/node_modules/react-icons",
      "link": true
    },
    "node_modules/react-router-dom": {
      "resolved": "../node_modules/.pnpm/react-router-dom@7.1.1_react-dom@18.3.1_react@18.3.1__react@18.3.1/node_modules/react-router-dom",
      "link": true
    },
    "node_modules/typescript": {
      "resolved": "../node_modules/.pnpm/typescript@5.7.2/node_modules/typescript",
      "link": true
    },
    "node_modules/undici-types": {
      "version": "6.20.0",
      "resolved": "https://registry.npmjs.org/undici-types/-/undici-types-6.20.0.tgz",
      "integrity": "sha512-Ny6QZ2Nju20vw1SRHe3d9jVu6gJ+4e3+MMpqu7pqE5HT6WsTSlce++GQmK5UXS8mzV8DSYHrQH+Xrf2jVcuKNg==",
      "dev": true,
      "license": "MIT"
    },
    "node_modules/vite": {
      "resolved": "../node_modules/.pnpm/vite@5.4.11_sugarss@4.0.1_postcss@8.4.49_/node_modules/vite",
      "link": true
    }
  }
}
